
Microsoft Visual Studio Solution File, Format Version 12.00
# Visual Studio 2012
Project("{FAE04EC0-301F-11D3-BF4B-00C04F79EFBC}") = "DSources", "DSourcesModule\DSources.csproj", "{B07B5A82-8E9C-43E7-A9AF-AC72746569BB}"
EndProject
Project("{FAE04EC0-301F-11D3-BF4B-00C04F79EFBC}") = "DSourcesTests", "DSourcesTests\DSourcesTests.csproj", "{B38E48F1-3819-4E88-A2CF-35BB5462172A}"
EndProject
Global
	GlobalSection(SubversionScc) = preSolution
		Svn-Managed = True
		Manager = AnkhSVN - Subversion Support for Visual Studio
	EndGlobalSection
	GlobalSection(SolutionConfigurationPlatforms) = preSolution
		Debug|Any CPU = Debug|Any CPU
		Debug|Mixed Platforms = Debug|Mixed Platforms
		Debug|x86 = Debug|x86
		relase|Any CPU = relase|Any CPU
		relase|Mixed Platforms = relase|Mixed Platforms
		relase|x86 = relase|x86
		Release|Any CPU = Release|Any CPU
		Release|Mixed Platforms = Release|Mixed Platforms
		Release|x86 = Release|x86
	EndGlobalSection
	GlobalSection(ProjectConfigurationPlatforms) = postSolution
		{B07B5A82-8E9C-43E7-A9AF-AC72746569BB}.Debug|Any CPU.ActiveCfg = Debug|Any CPU
		{B07B5A82-8E9C-43E7-A9AF-AC72746569BB}.Debug|Any CPU.Build.0 = Debug|Any CPU
		{B07B5A82-8E9C-43E7-A9AF-AC72746569BB}.Debug|Mixed Platforms.ActiveCfg = Debug|Any CPU
		{B07B5A82-8E9C-43E7-A9AF-AC72746569BB}.Debug|Mixed Platforms.Build.0 = Debug|Any CPU
		{B07B5A82-8E9C-43E7-A9AF-AC72746569BB}.Debug|x86.ActiveCfg = Debug|Any CPU
		{B07B5A82-8E9C-43E7-A9AF-AC72746569BB}.relase|Any CPU.ActiveCfg = relase|Any CPU
		{B07B5A82-8E9C-43E7-A9AF-AC72746569BB}.relase|Any CPU.Build.0 = relase|Any CPU
		{B07B5A82-8E9C-43E7-A9AF-AC72746569BB}.relase|Mixed Platforms.ActiveCfg = relase|Any CPU
		{B07B5A82-8E9C-43E7-A9AF-AC72746569BB}.relase|Mixed Platforms.Build.0 = relase|Any CPU
		{B07B5A82-8E9C-43E7-A9AF-AC72746569BB}.relase|x86.ActiveCfg = relase|Any CPU
		{B07B5A82-8E9C-43E7-A9AF-AC72746569BB}.Release|Any CPU.ActiveCfg = Release|Any CPU
		{B07B5A82-8E9C-43E7-A9AF-AC72746569BB}.Release|Any CPU.Build.0 = Release|Any CPU
		{B07B5A82-8E9C-43E7-A9AF-AC72746569BB}.Release|Mixed Platforms.ActiveCfg = Debug|Any CPU
		{B07B5A82-8E9C-43E7-A9AF-AC72746569BB}.Release|Mixed Platforms.Build.0 = Debug|Any CPU
		{B07B5A82-8E9C-43E7-A9AF-AC72746569BB}.Release|Mixed Platforms.Deploy.0 = Debug|Any CPU
		{B07B5A82-8E9C-43E7-A9AF-AC72746569BB}.Release|x86.ActiveCfg = Release|Any CPU
		{B38E48F1-3819-4E88-A2CF-35BB5462172A}.Debug|Any CPU.ActiveCfg = Debug|Any CPU
		{B38E48F1-3819-4E88-A2CF-35BB5462172A}.Debug|Any CPU.Build.0 = Debug|Any CPU
		{B38E48F1-3819-4E88-A2CF-35BB5462172A}.Debug|Mixed Platforms.ActiveCfg = Debug|Any CPU
		{B38E48F1-3819-4E88-A2CF-35BB5462172A}.Debug|Mixed Platforms.Build.0 = Debug|Any CPU
		{B38E48F1-3819-4E88-A2CF-35BB5462172A}.Debug|x86.ActiveCfg = Debug|Any CPU
		{B38E48F1-3819-4E88-A2CF-35BB5462172A}.relase|Any CPU.ActiveCfg = Release|Any CPU
		{B38E48F1-3819-4E88-A2CF-35BB5462172A}.relase|Any CPU.Build.0 = Release|Any CPU
		{B38E48F1-3819-4E88-A2CF-35BB5462172A}.relase|Mixed Platforms.ActiveCfg = Release|Any CPU
		{B38E48F1-3819-4E88-A2CF-35BB5462172A}.relase|Mixed Platforms.Build.0 = Release|Any CPU
		{B38E48F1-3819-4E88-A2CF-35BB5462172A}.relase|x86.ActiveCfg = Release|Any CPU
		{B38E48F1-3819-4E88-A2CF-35BB5462172A}.Release|Any CPU.ActiveCfg = Release|Any CPU
		{B38E48F1-3819-4E88-A2CF-35BB5462172A}.Release|Any CPU.Build.0 = Release|Any CPU
		{B38E48F1-3819-4E88-A2CF-35BB5462172A}.Release|Mixed Platforms.ActiveCfg = Debug|Any CPU
		{B38E48F1-3819-4E88-A2CF-35BB5462172A}.Release|Mixed Platforms.Build.0 = Debug|Any CPU
		{B38E48F1-3819-4E88-A2CF-35BB5462172A}.Release|x86.ActiveCfg = Release|Any CPU
	EndGlobalSection
	GlobalSection(SolutionProperties) = preSolution
		HideSolutionNode = FALSE
	EndGlobalSection
EndGlobal
